
Microsoft Visual Studio Solution File, Format Version 12.00
# Visual Studio Version 17
VisualStudioVersion = 17.9.34728.123
MinimumVisualStudioVersion = 10.0.40219.1
Project("{9A19103F-16F7-4668-BE54-9A1E7A4F7556}") = "ApiServer", "ApiServer\ApiServer.csproj", "{CB08BFC9-2CC1-4140-8EF8-610934CE745F}"
EndProject
Project("{9A19103F-16F7-4668-BE54-9A1E7A4F7556}") = "Bootstrapper", "Bootstrapper\Bootstrapper.csproj", "{84497E84-913A-49AB-AB85-5B1206068A11}"
EndProject
Project("{9A19103F-16F7-4668-BE54-9A1E7A4F7556}") = "ApplicationService", "ApplicationService\ApplicationService.csproj", "{85A7C59D-9212-4FAA-BC54-4D25047BFB6C}"
EndProject
Project("{9A19103F-16F7-4668-BE54-9A1E7A4F7556}") = "DataAccess", "DataAccess\DataAccess.csproj", "{30369A5B-67A2-4D8A-907F-A19B51951026}"
EndProject
Project("{9A19103F-16F7-4668-BE54-9A1E7A4F7556}") = "ORM", "ORM\ORM.csproj", "{38FE20CF-6A10-40B5-8332-C21A97C71897}"
EndProject
Project("{9A19103F-16F7-4668-BE54-9A1E7A4F7556}") = "Core", "Core\Core.csproj", "{DCEAAC9A-BC88-433E-9156-06EBEE25F770}"
EndProject
Project("{9A19103F-16F7-4668-BE54-9A1E7A4F7556}") = "Domain", "Domain\Domain.csproj", "{9238051F-E6F9-4FA3-845A-D22A60B91934}"
EndProject
Global
	GlobalSection(SolutionConfigurationPlatforms) = preSolution
		Debug|Any CPU = Debug|Any CPU
		Release|Any CPU = Release|Any CPU
	EndGlobalSection
	GlobalSection(ProjectConfigurationPlatforms) = postSolution
		{CB08BFC9-2CC1-4140-8EF8-610934CE745F}.Debug|Any CPU.ActiveCfg = Debug|Any CPU
		{CB08BFC9-2CC1-4140-8EF8-610934CE745F}.Debug|Any CPU.Build.0 = Debug|Any CPU
		{CB08BFC9-2CC1-4140-8EF8-610934CE745F}.Release|Any CPU.ActiveCfg = Release|Any CPU
		{CB08BFC9-2CC1-4140-8EF8-610934CE745F}.Release|Any CPU.Build.0 = Release|Any CPU
		{84497E84-913A-49AB-AB85-5B1206068A11}.Debug|Any CPU.ActiveCfg = Debug|Any CPU
		{84497E84-913A-49AB-AB85-5B1206068A11}.Debug|Any CPU.Build.0 = Debug|Any CPU
		{84497E84-913A-49AB-AB85-5B1206068A11}.Release|Any CPU.ActiveCfg = Release|Any CPU
		{84497E84-913A-49AB-AB85-5B1206068A11}.Release|Any CPU.Build.0 = Release|Any CPU
		{85A7C59D-9212-4FAA-BC54-4D25047BFB6C}.Debug|Any CPU.ActiveCfg = Debug|Any CPU
		{85A7C59D-9212-4FAA-BC54-4D25047BFB6C}.Debug|Any CPU.Build.0 = Debug|Any CPU
		{85A7C59D-9212-4FAA-BC54-4D25047BFB6C}.Release|Any CPU.ActiveCfg = Release|Any CPU
		{85A7C59D-9212-4FAA-BC54-4D25047BFB6C}.Release|Any CPU.Build.0 = Release|Any CPU
		{30369A5B-67A2-4D8A-907F-A19B51951026}.Debug|Any CPU.ActiveCfg = Debug|Any CPU
		{30369A5B-67A2-4D8A-907F-A19B51951026}.Debug|Any CPU.Build.0 = Debug|Any CPU
		{30369A5B-67A2-4D8A-907F-A19B51951026}.Release|Any CPU.ActiveCfg = Release|Any CPU
		{30369A5B-67A2-4D8A-907F-A19B51951026}.Release|Any CPU.Build.0 = Release|Any CPU
		{38FE20CF-6A10-40B5-8332-C21A97C71897}.Debug|Any CPU.ActiveCfg = Debug|Any CPU
		{38FE20CF-6A10-40B5-8332-C21A97C71897}.Debug|Any CPU.Build.0 = Debug|Any CPU
		{38FE20CF-6A10-40B5-8332-C21A97C71897}.Release|Any CPU.ActiveCfg = Release|Any CPU
		{38FE20CF-6A10-40B5-8332-C21A97C71897}.Release|Any CPU.Build.0 = Release|Any CPU
		{DCEAAC9A-BC88-433E-9156-06EBEE25F770}.Debug|Any CPU.ActiveCfg = Debug|Any CPU
		{DCEAAC9A-BC88-433E-9156-06EBEE25F770}.Debug|Any CPU.Build.0 = Debug|Any CPU
		{DCEAAC9A-BC88-433E-9156-06EBEE25F770}.Release|Any CPU.ActiveCfg = Release|Any CPU
		{DCEAAC9A-BC88-433E-9156-06EBEE25F770}.Release|Any CPU.Build.0 = Release|Any CPU
		{9238051F-E6F9-4FA3-845A-D22A60B91934}.Debug|Any CPU.ActiveCfg = Debug|Any CPU
		{9238051F-E6F9-4FA3-845A-D22A60B91934}.Debug|Any CPU.Build.0 = Debug|Any CPU
		{9238051F-E6F9-4FA3-845A-D22A60B91934}.Release|Any CPU.ActiveCfg = Release|Any CPU
		{9238051F-E6F9-4FA3-845A-D22A60B91934}.Release|Any CPU.Build.0 = Release|Any CPU
	EndGlobalSection
	GlobalSection(SolutionProperties) = preSolution
		HideSolutionNode = FALSE
	EndGlobalSection
	GlobalSection(ExtensibilityGlobals) = postSolution
		SolutionGuid = {93B2C1C0-A9D3-469F-BFF6-97B27F397E15}
	EndGlobalSection
EndGlobal
